#MicroXplorer Configuration settings - do not modify
Mcu.Family=STM32F4
ProjectManager.MainLocation=Src
ProjectManager.ProjectFileName=RTC_project.ioc
RCC.CortexFreq_Value=16000000
FREERTOS.Tasks01=defaultTask,24,128,StartDefaultTask,Default,NULL,Dynamic,NULL,NULL
ProjectManager.KeepUserCode=true
Mcu.UserName=STM32F429ZITx
Mcu.PinsNb=9
PB10.Mode=Asynchronous
ProjectManager.NoMain=false
RCC.PLLCLKFreq_Value=96000000
RCC.PLLQCLKFreq_Value=48000000
ProjectManager.functionlistsort=1-MX_GPIO_Init-GPIO-false-HAL-true,2-SystemClock_Config-RCC-false-HAL-false,3-MX_I2C1_Init-I2C1-false-HAL-true,4-MX_USART3_UART_Init-USART3-false-HAL-true
RCC.RTCFreq_Value=32000
ProjectManager.DefaultFWLocation=true
RCC.VCOSAIOutputFreq_ValueQ=12250000
RCC.VCOSAIOutputFreq_ValueR=24500000
ProjectManager.DeletePrevious=true
UART7.VirtualMode=Asynchronous
PB11.Signal=USART3_RX
PinOutPanel.RotationAngle=0
RCC.FamilyName=M
ProjectManager.StackSize=0x400
VP_FREERTOS_VS_CMSIS_V2.Mode=CMSIS_V2
PE8.Mode=Asynchronous
Mcu.IP4=SYS
Mcu.IP5=UART7
NVIC.SVCall_IRQn=true\:0\:0\:false\:false\:false\:false\:false\:false
Mcu.IP2=NVIC
Mcu.IP3=RCC
Mcu.IP0=FREERTOS
Mcu.IP1=I2C1
Mcu.UserConstants=
PB11.Mode=Asynchronous
ProjectManager.TargetToolchain=TrueSTUDIO
Mcu.ThirdPartyNb=0
Mcu.IPNb=7
RCC.I2SClocksFreq_Value=96000000
ProjectManager.PreviousToolchain=TrueSTUDIO
PB9.Mode=I2C
RCC.VcooutputI2S=96000000
RCC.VcooutputI2SQ=96000000
PB9.Locked=true
Mcu.Pin6=PB9
Mcu.Pin7=VP_FREERTOS_VS_CMSIS_V2
Mcu.Pin8=VP_SYS_VS_Systick
RCC.VCOSAIOutputFreq_Value=49000000
FREERTOS.IPParameters=Tasks01
RCC.LSE_VALUE=32768
RCC.AHBFreq_Value=16000000
Mcu.Pin0=PE7
Mcu.Pin1=PE8
GPIO.groupedBy=Group By Peripherals
Mcu.Pin2=PB10
PB10.Signal=USART3_TX
Mcu.Pin3=PB11
Mcu.Pin4=PB7
RCC.VCOI2SOutputFreq_Value=192000000
Mcu.Pin5=PB8
ProjectManager.ProjectBuild=false
RCC.HSE_VALUE=25000000
NVIC.UsageFault_IRQn=true\:0\:0\:false\:false\:true\:false\:false\:false
NVIC.DebugMonitor_IRQn=true\:0\:0\:false\:false\:true\:false\:false\:false
board=custom
RCC.VCOOutputFreq_Value=192000000
NVIC.SysTick_IRQn=true\:15\:0\:false\:false\:true\:true\:false\:true
ProjectManager.LastFirmware=true
ProjectManager.FirmwarePackage=STM32Cube FW_F4 V1.25.2
MxDb.Version=DB.5.0.60
RCC.APB2Freq_Value=16000000
ProjectManager.BackupPrevious=false
MxCube.Version=5.6.0
RCC.VCOInputFreq_Value=1000000
PE8.Signal=UART7_TX
PE8.Locked=true
File.Version=6
VP_SYS_VS_Systick.Mode=SysTick
PB7.Signal=GPIO_Output
NVIC.NonMaskableInt_IRQn=true\:0\:0\:false\:false\:true\:false\:false\:false
PB8.Locked=true
NVIC.PendSV_IRQn=true\:15\:0\:false\:false\:false\:true\:false\:false
PE7.Locked=true
ProjectManager.FreePins=false
RCC.IPParameters=AHBFreq_Value,APB1Freq_Value,APB2Freq_Value,CortexFreq_Value,FamilyName,HSE_VALUE,HSI_VALUE,I2SClocksFreq_Value,LSE_VALUE,LSI_VALUE,PLLCLKFreq_Value,PLLQCLKFreq_Value,RTCFreq_Value,RTCHSEDivFreq_Value,SYSCLKFreq_VALUE,VCOI2SOutputFreq_Value,VCOInputFreq_Value,VCOOutputFreq_Value,VCOSAIOutputFreq_Value,VCOSAIOutputFreq_ValueQ,VCOSAIOutputFreq_ValueR,VcooutputI2S,VcooutputI2SQ
ProjectManager.AskForMigrate=true
Mcu.Name=STM32F429ZITx
ProjectManager.HalAssertFull=false
RCC.RTCHSEDivFreq_Value=12500000
ProjectManager.ProjectName=RTC_project
ProjectManager.UnderRoot=true
VP_FREERTOS_VS_CMSIS_V2.Signal=FREERTOS_VS_CMSIS_V2
Mcu.IP6=USART3
ProjectManager.CoupleFile=false
RCC.SYSCLKFreq_VALUE=16000000
Mcu.Package=LQFP144
PE7.Mode=Asynchronous
PB9.Signal=I2C1_SDA
NVIC.ForceEnableDMAVector=true
KeepUserPlacement=false
USART3.VirtualMode=VM_ASYNC
NVIC.MemoryManagement_IRQn=true\:0\:0\:false\:false\:true\:false\:false\:false
ProjectManager.CompilerOptimize=6
ProjectManager.ToolChainLocation=
RCC.LSI_VALUE=32000
VP_SYS_VS_Systick.Signal=SYS_VS_Systick
USART3.IPParameters=VirtualMode
ProjectManager.HeapSize=0x200
NVIC.HardFault_IRQn=true\:0\:0\:false\:false\:true\:false\:false\:false
UART7.IPParameters=VirtualMode
ProjectManager.ComputerToolchain=false
RCC.HSI_VALUE=16000000
NVIC.PriorityGroup=NVIC_PRIORITYGROUP_4
PB8.Mode=I2C
PB7.Locked=true
PB8.Signal=I2C1_SCL
NVIC.BusFault_IRQn=true\:0\:0\:false\:false\:true\:false\:false\:false
PE7.Signal=UART7_RX
RCC.APB1Freq_Value=16000000
ProjectManager.CustomerFirmwarePackage=
ProjectManager.DeviceId=STM32F429ZITx
ProjectManager.LibraryCopy=1
